{
  "version": "5",
  "specifiers": {
    "jsr:@b-fuze/deno-dom@0.1.56": "0.1.56",
    "jsr:@denosaurs/plug@1.1.0": "1.1.0",
    "jsr:@std/assert@1.0.16": "1.0.16",
    "jsr:@std/assert@^1.0.15": "1.0.16",
    "jsr:@std/async@1.0.15": "1.0.15",
    "jsr:@std/async@^1.0.15": "1.0.15",
    "jsr:@std/bytes@^1.0.5": "1.0.6",
    "jsr:@std/cache@0.2.1": "0.2.1",
    "jsr:@std/cli@1.0.24": "1.0.24",
    "jsr:@std/cli@^1.0.24": "1.0.24",
    "jsr:@std/collections@1.1.3": "1.1.3",
    "jsr:@std/crypto@1.0.5": "1.0.5",
    "jsr:@std/data-structures@^1.0.9": "1.0.9",
    "jsr:@std/encoding@1": "1.0.10",
    "jsr:@std/encoding@1.0.10": "1.0.10",
    "jsr:@std/encoding@^1.0.10": "1.0.10",
    "jsr:@std/fmt@1": "1.0.8",
    "jsr:@std/fmt@^1.0.8": "1.0.8",
    "jsr:@std/fs@1": "1.0.21",
    "jsr:@std/fs@^1.0.19": "1.0.21",
    "jsr:@std/fs@^1.0.20": "1.0.21",
    "jsr:@std/html@^1.0.5": "1.0.5",
    "jsr:@std/http@1.0.22": "1.0.22",
    "jsr:@std/internal@^1.0.12": "1.0.12",
    "jsr:@std/media-types@^1.1.0": "1.1.0",
    "jsr:@std/msgpack@1.0.3": "1.0.3",
    "jsr:@std/net@^1.0.6": "1.0.6",
    "jsr:@std/path@1": "1.1.4",
    "jsr:@std/path@^1.1.2": "1.1.4",
    "jsr:@std/path@^1.1.3": "1.1.4",
    "jsr:@std/path@^1.1.4": "1.1.4",
    "jsr:@std/regexp@^1.0.1": "1.0.1",
    "jsr:@std/streams@^1.0.14": "1.0.16",
    "jsr:@std/testing@1.0.16": "1.0.16",
    "jsr:@std/text@1.0.16": "1.0.16",
    "jsr:@zod/zod@4.1.13": "4.1.13",
    "npm:@remix-run/cookie@0.5.0": "0.5.0_@remix-run+headers@0.17.2",
    "npm:@remix-run/fetch-router@0.13.0": "0.13.0_@remix-run+headers@0.18.0_@remix-run+route-pattern@0.15.3_@remix-run+session@0.4.1",
    "npm:@remix-run/form-data-middleware@0.1.1": "0.1.1_@remix-run+fetch-router@0.13.0__@remix-run+headers@0.18.0__@remix-run+route-pattern@0.15.3__@remix-run+session@0.4.1_@remix-run+form-data-parser@0.14.0_@remix-run+session@0.4.1",
    "npm:@remix-run/response@0.2.0": "0.2.0_@remix-run+headers@0.18.0_@remix-run+html-template@0.3.0_@remix-run+mime@0.1.0",
    "npm:@remix-run/session-middleware@0.1.1": "0.1.1_@remix-run+cookie@0.5.0__@remix-run+headers@0.17.2_@remix-run+fetch-router@0.13.0__@remix-run+headers@0.18.0__@remix-run+route-pattern@0.15.3__@remix-run+session@0.4.1_@remix-run+session@0.4.1",
    "npm:@remix-run/session@0.4.1": "0.4.1",
    "npm:@remix-run/static-middleware@0.4.0": "0.4.0_@remix-run+fetch-router@0.13.0__@remix-run+headers@0.18.0__@remix-run+route-pattern@0.15.3__@remix-run+session@0.4.1_@remix-run+fs@0.2.0__@remix-run+mime@0.1.0_@remix-run+html-template@0.3.0_@remix-run+mime@0.1.0_@remix-run+response@0.2.0__@remix-run+headers@0.18.0__@remix-run+html-template@0.3.0__@remix-run+mime@0.1.0_@remix-run+session@0.4.1",
    "npm:feed@5.1.0": "5.1.0",
    "npm:nosecone@1.0.0-beta.15": "1.0.0-beta.15",
    "npm:pino@10.1.0": "10.1.0",
    "npm:preact-render-to-string@6.6.4": "6.6.4_preact@10.28.0",
    "npm:preact@10.28.0": "10.28.0",
    "npm:simpledotcss@2.3.7": "2.3.7"
  },
  "jsr": {
    "@b-fuze/deno-dom@0.1.56": {
      "integrity": "8030e2dc1d8750f1682b53462ab893d9c3470f2287feecbe22f44a88c54ab148",
      "dependencies": [
        "jsr:@denosaurs/plug"
      ]
    },
    "@denosaurs/plug@1.1.0": {
      "integrity": "eb2f0b7546c7bca2000d8b0282c54d50d91cf6d75cb26a80df25a6de8c4bc044",
      "dependencies": [
        "jsr:@std/encoding@1",
        "jsr:@std/fmt@1",
        "jsr:@std/fs@1",
        "jsr:@std/path@1"
      ]
    },
    "@std/assert@1.0.16": {
      "integrity": "6a7272ed1eaa77defe76e5ff63ca705d9c495077e2d5fd0126d2b53fc5bd6532",
      "dependencies": [
        "jsr:@std/internal"
      ]
    },
    "@std/async@1.0.15": {
      "integrity": "55d1d9d04f99403fe5730ab16bdcc3c47f658a6bf054cafb38a50f046238116e"
    },
    "@std/bytes@1.0.6": {
      "integrity": "f6ac6adbd8ccd99314045f5703e23af0a68d7f7e58364b47d2c7f408aeb5820a"
    },
    "@std/cache@0.2.1": {
      "integrity": "b6f1abfd118d35b1c4ca90f2b3f4c709a2014ae368f244bdc7533bf1c169d759"
    },
    "@std/cli@1.0.24": {
      "integrity": "b655a5beb26aa94f98add6bc8889f5fb9bc3ee2cc3fc954e151201f4c4200a5e",
      "dependencies": [
        "jsr:@std/internal"
      ]
    },
    "@std/collections@1.1.3": {
      "integrity": "bf8b0818886df6a32b64c7d3b037a425111f28278d69fd0995aeb62777c986b0"
    },
    "@std/crypto@1.0.5": {
      "integrity": "0dcfbb319fe0bba1bd3af904ceb4f948cde1b92979ec1614528380ed308a3b40"
    },
    "@std/data-structures@1.0.9": {
      "integrity": "033d6e17e64bf1f84a614e647c1b015fa2576ae3312305821e1a4cb20674bb4d"
    },
    "@std/encoding@1.0.10": {
      "integrity": "8783c6384a2d13abd5e9e87a7ae0520a30e9f56aeeaa3bdf910a3eaaf5c811a1"
    },
    "@std/fmt@1.0.8": {
      "integrity": "71e1fc498787e4434d213647a6e43e794af4fd393ef8f52062246e06f7e372b7"
    },
    "@std/fs@1.0.21": {
      "integrity": "d720fe1056d78d43065a4d6e0eeb2b19f34adb8a0bc7caf3a4dbf1d4178252cd",
      "dependencies": [
        "jsr:@std/internal",
        "jsr:@std/path@^1.1.4"
      ]
    },
    "@std/html@1.0.5": {
      "integrity": "4e2d693f474cae8c16a920fa5e15a3b72267b94b84667f11a50c6dd1cb18d35e"
    },
    "@std/http@1.0.22": {
      "integrity": "53f0bb70e23a2eec3e17c4240a85bb23d185b2e20635adb37ce0f03cc4ca012a",
      "dependencies": [
        "jsr:@std/cli@^1.0.24",
        "jsr:@std/encoding@^1.0.10",
        "jsr:@std/fmt@^1.0.8",
        "jsr:@std/fs@^1.0.20",
        "jsr:@std/html",
        "jsr:@std/media-types",
        "jsr:@std/net",
        "jsr:@std/path@^1.1.3",
        "jsr:@std/streams"
      ]
    },
    "@std/internal@1.0.12": {
      "integrity": "972a634fd5bc34b242024402972cd5143eac68d8dffaca5eaa4dba30ce17b027"
    },
    "@std/media-types@1.1.0": {
      "integrity": "c9d093f0c05c3512932b330e3cc1fe1d627b301db33a4c2c2185c02471d6eaa4"
    },
    "@std/msgpack@1.0.3": {
      "integrity": "b384239867dfd08aba9069d433e415a8229c6f966716d6b7fd3972a6fe605848",
      "dependencies": [
        "jsr:@std/bytes"
      ]
    },
    "@std/net@1.0.6": {
      "integrity": "110735f93e95bb9feb95790a8b1d1bf69ec0dc74f3f97a00a76ea5efea25500c"
    },
    "@std/path@1.1.4": {
      "integrity": "1d2d43f39efb1b42f0b1882a25486647cb851481862dc7313390b2bb044314b5",
      "dependencies": [
        "jsr:@std/internal"
      ]
    },
    "@std/regexp@1.0.1": {
      "integrity": "5179d823465085c5480dafb44438466e83c424fadc61ba31f744050ecc0f596d"
    },
    "@std/streams@1.0.16": {
      "integrity": "85030627befb1767c60d4f65cb30fa2f94af1d6ee6e5b2515b76157a542e89c4"
    },
    "@std/testing@1.0.16": {
      "integrity": "a917ffdeb5924c9be436dc78bc32e511760e14d3a96e49c607fc5ecca86d0092",
      "dependencies": [
        "jsr:@std/assert@^1.0.15",
        "jsr:@std/async@^1.0.15",
        "jsr:@std/data-structures",
        "jsr:@std/fs@^1.0.19",
        "jsr:@std/internal",
        "jsr:@std/path@^1.1.2"
      ]
    },
    "@std/text@1.0.16": {
      "integrity": "ddb9853b75119a2473857d691cf1ec02ad90793a2e8b4a4ac49d7354281a0cf8",
      "dependencies": [
        "jsr:@std/regexp"
      ]
    },
    "@zod/zod@4.1.13": {
      "integrity": "fef799152d630583b248645fcac03abedd13e39fd2b752d9466b905d73619bfd"
    }
  },
  "npm": {
    "@pinojs/redact@0.4.0": {
      "integrity": "sha512-k2ENnmBugE/rzQfEcdWHcCY+/FM3VLzH9cYEsbdsoqrvzAKRhUZeRNhAZvB8OitQJ1TBed3yqWtdjzS6wJKBwg=="
    },
    "@remix-run/cookie@0.5.0_@remix-run+headers@0.17.2": {
      "integrity": "sha512-ugCBUUgDWlhtK6RCiqGqK4kSRUMTYx/6DFOLk2q995oXPNOU45JR894Q8Uy3pHNcOIAROLyvUtnseylaTzi/1Q==",
      "dependencies": [
        "@remix-run/headers@0.17.2"
      ]
    },
    "@remix-run/fetch-router@0.13.0_@remix-run+headers@0.18.0_@remix-run+route-pattern@0.15.3_@remix-run+session@0.4.1": {
      "integrity": "sha512-qiAVGklpElB0w8GI4lTF0VthzD1FbO7jeMHamhm1f1yQNVz+t7DPdgPZFDRedT8bKUDb4v67wUBii76cCeEmrQ==",
      "dependencies": [
        "@remix-run/headers@0.18.0",
        "@remix-run/route-pattern",
        "@remix-run/session"
      ]
    },
    "@remix-run/form-data-middleware@0.1.1_@remix-run+fetch-router@0.13.0__@remix-run+headers@0.18.0__@remix-run+route-pattern@0.15.3__@remix-run+session@0.4.1_@remix-run+form-data-parser@0.14.0_@remix-run+session@0.4.1": {
      "integrity": "sha512-d0jjpRo00ryrOeNmxFga1ljxoWdrH3apSmvYDShHevm5Go+BOGsNFg/O4nBWs2/jd67GcUEGlHuSKnG9S4Suyw==",
      "dependencies": [
        "@remix-run/fetch-router",
        "@remix-run/form-data-parser"
      ]
    },
    "@remix-run/form-data-parser@0.14.0": {
      "integrity": "sha512-erLDiOCYPkuhbRUv9PVlPa0izyruppBRwxQbvAR+cZ5d1EX4Nv21AGcZn2x63pZMxclWRnnLpmDTjACXgZFgWg==",
      "dependencies": [
        "@remix-run/multipart-parser"
      ]
    },
    "@remix-run/fs@0.2.0_@remix-run+mime@0.1.0": {
      "integrity": "sha512-ywLDWeSnJpunIUYUGXAGuhH7dcHcuSHJO+xH2pA76J2mi1rdvI5w31CDXmcsFo1kdQQSh4rUnqUEgsazPQhL+Q==",
      "dependencies": [
        "@remix-run/lazy-file",
        "@remix-run/mime"
      ]
    },
    "@remix-run/headers@0.15.0": {
      "integrity": "sha512-wGXHv9nAt8z8KQqc1bdtclduJwTO+zlQEjcNqYyifE8WqKToYu6/PJCDh5PGn0o4DHj8K71rEyP3MwZsIRRccg=="
    },
    "@remix-run/headers@0.17.2": {
      "integrity": "sha512-IfHVCftsRKfk7kIQUxP9WDCe0OXj9X0lDRfFxk3CPcXJenBUEsYEPeBoW/YCZlKhdRWZjQlrofdk63lMSJmy8w=="
    },
    "@remix-run/headers@0.18.0": {
      "integrity": "sha512-5V/doLOF1IBuMhV+USa/ImUzpql4SQ0VBbNKbRHvrwRK59GYGVqtcwpVzgdFb5QEa2vIedq4JdOy7FIesZUpIw=="
    },
    "@remix-run/html-template@0.3.0": {
      "integrity": "sha512-aAMx68udtIk0fmCpCXHYscVeCDsRVEmEgh4XvtusPr3vkHu3jn4gx5oAxgsPXPdDmmD/d75SYyI0m/F+aLz5iQ=="
    },
    "@remix-run/lazy-file@4.2.0_@remix-run+mime@0.1.0": {
      "integrity": "sha512-gW93kP7j7MSgiAbALc4Cy1d0hG79mj6O5ExMyHyS7bZU7L2hiLZifGI0sKC1rjHR9DFQrNSyPig+KMLyiLk/kg==",
      "dependencies": [
        "@remix-run/mime"
      ]
    },
    "@remix-run/mime@0.1.0": {
      "integrity": "sha512-SUuIhuzaFdPPF8hPJ2qneILnP3Nxc96jvuz6QAhXDeqenXsCNUdduF+6J2PILdzme0t3dVZcHARfcgYPTaOWdg=="
    },
    "@remix-run/multipart-parser@0.13.0": {
      "integrity": "sha512-EMEnc4YOzOnw62BmdTqvlmvzUCYDsQ1fpca6Xtvn8oV5GHXMYJoB3ocQyA+KNAa3j8QzKyNomifUXJ9OVrGEXA==",
      "dependencies": [
        "@remix-run/headers@0.15.0"
      ]
    },
    "@remix-run/response@0.2.0_@remix-run+headers@0.18.0_@remix-run+html-template@0.3.0_@remix-run+mime@0.1.0": {
      "integrity": "sha512-oo5LA6On7OO2uJxjjYOsvEHvc5MnBdQavZoiuT2a9HiwKRNpc8Y3D85oqHjtJJBNtgg+Ug1JN3H0RILezpAYTg==",
      "dependencies": [
        "@remix-run/headers@0.18.0",
        "@remix-run/html-template",
        "@remix-run/mime"
      ]
    },
    "@remix-run/route-pattern@0.15.3": {
      "integrity": "sha512-7s4Oy9q6Oz9Vfwg0iZscpmYVASNG9fLqbCa+YY0+SWKksDpvCRiW46xp3S3zEvT7zEP7G55FKA+JdrqqK2AOXw=="
    },
    "@remix-run/session-middleware@0.1.1_@remix-run+cookie@0.5.0__@remix-run+headers@0.17.2_@remix-run+fetch-router@0.13.0__@remix-run+headers@0.18.0__@remix-run+route-pattern@0.15.3__@remix-run+session@0.4.1_@remix-run+session@0.4.1": {
      "integrity": "sha512-W+OD5md/UUgZbnJ2NdtD7io3exBAXcAXfM5UnSILQ6d7+kT9G/ehW/kTqqeR/mgAoNzytBlY34F8y93QIU5CXw==",
      "dependencies": [
        "@remix-run/cookie",
        "@remix-run/fetch-router",
        "@remix-run/session"
      ]
    },
    "@remix-run/session@0.4.1": {
      "integrity": "sha512-Bm6aKYgutb/raHZ3laloz8g/Qu7f3CeK3o4gUVDMxtEiAdWCzJamwHoTpGOc5+g1Kuy7z85v4M6nGrF06MFDSg=="
    },
    "@remix-run/static-middleware@0.4.0_@remix-run+fetch-router@0.13.0__@remix-run+headers@0.18.0__@remix-run+route-pattern@0.15.3__@remix-run+session@0.4.1_@remix-run+fs@0.2.0__@remix-run+mime@0.1.0_@remix-run+html-template@0.3.0_@remix-run+mime@0.1.0_@remix-run+response@0.2.0__@remix-run+headers@0.18.0__@remix-run+html-template@0.3.0__@remix-run+mime@0.1.0_@remix-run+session@0.4.1": {
      "integrity": "sha512-vLhi7+CJ7OuPu4tM3DtAo0lir0eze5702mhP5zdTHdxn213tEpDcjhb+jpOpiCIYTvWE+sB4G3rUNGPiY8eeAg==",
      "dependencies": [
        "@remix-run/fetch-router",
        "@remix-run/fs",
        "@remix-run/html-template",
        "@remix-run/mime",
        "@remix-run/response"
      ]
    },
    "atomic-sleep@1.0.0": {
      "integrity": "sha512-kNOjDqAh7px0XWNI+4QbzoiR/nTkHAWNud2uvnJquD1/x5a7EQZMJT0AczqK0Qn67oY/TTQ1LbUKajZpp3I9tQ=="
    },
    "feed@5.1.0": {
      "integrity": "sha512-qGNhgYygnefSkAHHrNHqC7p3R8J0/xQDS/cYUud8er/qD9EFGWyCdUDfULHTJQN1d3H3WprzVwMc9MfB4J50Wg==",
      "dependencies": [
        "xml-js"
      ]
    },
    "nosecone@1.0.0-beta.15": {
      "integrity": "sha512-e3D16yrYQKu+qtILUNEoopdhloAjBcjpREwi2XSyi9tt6Tupk+rPEh/omydf9OJqkBZaM05hyFcBpBJbYvndIg=="
    },
    "on-exit-leak-free@2.1.2": {
      "integrity": "sha512-0eJJY6hXLGf1udHwfNftBqH+g73EU4B504nZeKpz1sYRKafAghwxEJunB2O7rDZkL4PGfsMVnTXZ2EjibbqcsA=="
    },
    "pino-abstract-transport@2.0.0": {
      "integrity": "sha512-F63x5tizV6WCh4R6RHyi2Ml+M70DNRXt/+HANowMflpgGFMAym/VKm6G7ZOQRjqN7XbGxK1Lg9t6ZrtzOaivMw==",
      "dependencies": [
        "split2"
      ]
    },
    "pino-std-serializers@7.1.0": {
      "integrity": "sha512-BndPH67/JxGExRgiX1dX0w1FvZck5Wa4aal9198SrRhZjH3GxKQUKIBnYJTdj2HDN3UQAS06HlfcSbQj2OHmaw=="
    },
    "pino@10.1.0": {
      "integrity": "sha512-0zZC2ygfdqvqK8zJIr1e+wT1T/L+LF6qvqvbzEQ6tiMAoTqEVK9a1K3YRu8HEUvGEvNqZyPJTtb2sNIoTkB83w==",
      "dependencies": [
        "@pinojs/redact",
        "atomic-sleep",
        "on-exit-leak-free",
        "pino-abstract-transport",
        "pino-std-serializers",
        "process-warning",
        "quick-format-unescaped",
        "real-require",
        "safe-stable-stringify",
        "sonic-boom",
        "thread-stream"
      ],
      "bin": true
    },
    "preact-render-to-string@6.6.4_preact@10.28.0": {
      "integrity": "sha512-Bn6eQZ5SQ5loVEcC/mZmKT7HzO5Z/+vYzxfE/W2N468oSoNMJVdFGApF0GyXq0lDthuyXKTmtZ8k20NpYjr6Rw==",
      "dependencies": [
        "preact"
      ]
    },
    "preact@10.28.0": {
      "integrity": "sha512-rytDAoiXr3+t6OIP3WGlDd0ouCUG1iCWzkcY3++Nreuoi17y6T5i/zRhe6uYfoVcxq6YU+sBtJouuRDsq8vvqA=="
    },
    "process-warning@5.0.0": {
      "integrity": "sha512-a39t9ApHNx2L4+HBnQKqxxHNs1r7KF+Intd8Q/g1bUh6q0WIp9voPXJ/x0j+ZL45KF1pJd9+q2jLIRMfvEshkA=="
    },
    "quick-format-unescaped@4.0.4": {
      "integrity": "sha512-tYC1Q1hgyRuHgloV/YXs2w15unPVh8qfu/qCTfhTYamaw7fyhumKa2yGpdSo87vY32rIclj+4fWYQXUMs9EHvg=="
    },
    "real-require@0.2.0": {
      "integrity": "sha512-57frrGM/OCTLqLOAh0mhVA9VBMHd+9U7Zb2THMGdBUoZVOtGbJzjxsYGDJ3A9AYYCP4hn6y1TVbaOfzWtm5GFg=="
    },
    "safe-stable-stringify@2.5.0": {
      "integrity": "sha512-b3rppTKm9T+PsVCBEOUR46GWI7fdOs00VKZ1+9c1EWDaDMvjQc6tUwuFyIprgGgTcWoVHSKrU8H31ZHA2e0RHA=="
    },
    "sax@1.4.4": {
      "integrity": "sha512-1n3r/tGXO6b6VXMdFT54SHzT9ytu9yr7TaELowdYpMqY/Ao7EnlQGmAQ1+RatX7Tkkdm6hONI2owqNx2aZj5Sw=="
    },
    "simpledotcss@2.3.7": {
      "integrity": "sha512-Ag3TpigN7725AnvgwyGkErd50SuYmlDQRU+9LLNHUIK8T4DUEWPHut6GpD1ivxARrBd8eYGTL8vzKazVFYUpQg=="
    },
    "sonic-boom@4.2.0": {
      "integrity": "sha512-INb7TM37/mAcsGmc9hyyI6+QR3rR1zVRu36B0NeGXKnOOLiZOfER5SA+N7X7k3yUYRzLWafduTDvJAfDswwEww==",
      "dependencies": [
        "atomic-sleep"
      ]
    },
    "split2@4.2.0": {
      "integrity": "sha512-UcjcJOWknrNkF6PLX83qcHM6KHgVKNkV62Y8a5uYDVv9ydGQVwAHMKqHdJje1VTWpljG0WYpCDhrCdAOYH4TWg=="
    },
    "thread-stream@3.1.0": {
      "integrity": "sha512-OqyPZ9u96VohAyMfJykzmivOrY2wfMSf3C5TtFJVgN+Hm6aj+voFhlK+kZEIv2FBh1X6Xp3DlnCOfEQ3B2J86A==",
      "dependencies": [
        "real-require"
      ]
    },
    "xml-js@1.6.11": {
      "integrity": "sha512-7rVi2KMfwfWFl+GpPg6m80IVMWXLRjO+PxTq7V2CDhoGak0wzYzFgUY2m4XJ47OGdXd8eLE8EmwfAmdjw7lC1g==",
      "dependencies": [
        "sax"
      ],
      "bin": true
    }
  },
  "workspace": {
    "dependencies": [
      "jsr:@b-fuze/deno-dom@0.1.56",
      "jsr:@std/assert@1.0.16",
      "jsr:@std/async@1.0.15",
      "jsr:@std/cache@0.2.1",
      "jsr:@std/cli@1.0.24",
      "jsr:@std/collections@1.1.3",
      "jsr:@std/crypto@1.0.5",
      "jsr:@std/encoding@1.0.10",
      "jsr:@std/http@1.0.22",
      "jsr:@std/msgpack@1.0.3",
      "jsr:@std/testing@1.0.16",
      "jsr:@std/text@1.0.16",
      "jsr:@zod/zod@4.1.13",
      "npm:@remix-run/cookie@0.5.0",
      "npm:@remix-run/fetch-router@0.13.0",
      "npm:@remix-run/form-data-middleware@0.1.1",
      "npm:@remix-run/response@0.2.0",
      "npm:@remix-run/session-middleware@0.1.1",
      "npm:@remix-run/session@0.4.1",
      "npm:@remix-run/static-middleware@0.4.0",
      "npm:feed@5.1.0",
      "npm:nosecone@1.0.0-beta.15",
      "npm:pino@10.1.0",
      "npm:preact-render-to-string@6.6.4",
      "npm:preact@10.28.0",
      "npm:simpledotcss@2.3.7"
    ]
  }
}
